// !$*UTF8*$!
{
	archiveVersion = 1;
	classes = {
	};
	objectVersion = 46;
	objects = {

/* Begin PBXBuildFile section */
		0468F694717D77ECFCFC61FF /* libPods-Rat.a in Frameworks */ = {isa = PBXBuildFile; fileRef = 52EAEBFD0C27635B58AF8474 /* libPods-Rat.a */; };
		D52432E21B8D7124001AC850 /* UIImage+RTExtension.m in Sources */ = {isa = PBXBuildFile; fileRef = D52432E11B8D7124001AC850 /* UIImage+RTExtension.m */; };
		D546D2B61B5CD5A400F025C1 /* main.m in Sources */ = {isa = PBXBuildFile; fileRef = D546D2B51B5CD5A400F025C1 /* main.m */; };
		D546D2C11B5CD5A400F025C1 /* Images.xcassets in Resources */ = {isa = PBXBuildFile; fileRef = D546D2C01B5CD5A400F025C1 /* Images.xcassets */; };
		D546D2D01B5CD5A400F025C1 /* RatTests.m in Sources */ = {isa = PBXBuildFile; fileRef = D546D2CF1B5CD5A400F025C1 /* RatTests.m */; };
		D546D2DB1B5CDD6D00F025C1 /* RTAppDelegate.m in Sources */ = {isa = PBXBuildFile; fileRef = D546D2DA1B5CDD6D00F025C1 /* RTAppDelegate.m */; };
		D546D2E71B5CF60600F025C1 /* RTSystemUtil.m in Sources */ = {isa = PBXBuildFile; fileRef = D546D2E61B5CF60600F025C1 /* RTSystemUtil.m */; };
		D554FA691BBA7A250087BC06 /* RTHideNavigationBarViewController.m in Sources */ = {isa = PBXBuildFile; fileRef = D554FA681BBA7A250087BC06 /* RTHideNavigationBarViewController.m */; settings = {ASSET_TAGS = (); }; };
		D554FA6C1BBA824D0087BC06 /* RTHideTabBarViewController.m in Sources */ = {isa = PBXBuildFile; fileRef = D554FA6B1BBA824D0087BC06 /* RTHideTabBarViewController.m */; settings = {ASSET_TAGS = (); }; };
		D554FA721BBA999B0087BC06 /* UIViewController+RTNavigationBar.m in Sources */ = {isa = PBXBuildFile; fileRef = D554FA711BBA999B0087BC06 /* UIViewController+RTNavigationBar.m */; settings = {ASSET_TAGS = (); }; };
		D554FA751BBB6BCC0087BC06 /* NSDictionary+RTTextAttributesExtension.m in Sources */ = {isa = PBXBuildFile; fileRef = D554FA741BBB6BCC0087BC06 /* NSDictionary+RTTextAttributesExtension.m */; settings = {ASSET_TAGS = (); }; };
		D554FA871BBB95660087BC06 /* NSDate+RTExtension.m in Sources */ = {isa = PBXBuildFile; fileRef = D554FA861BBB95660087BC06 /* NSDate+RTExtension.m */; settings = {ASSET_TAGS = (); }; };
		D554FA8A1BBBAE100087BC06 /* UIViewController+RTActivityView.m in Sources */ = {isa = PBXBuildFile; fileRef = D554FA891BBBAE100087BC06 /* UIViewController+RTActivityView.m */; settings = {ASSET_TAGS = (); }; };
		D554FA8D1BBBC9E30087BC06 /* CABasicAnimation+RTExtension.m in Sources */ = {isa = PBXBuildFile; fileRef = D554FA8C1BBBC9E30087BC06 /* CABasicAnimation+RTExtension.m */; settings = {ASSET_TAGS = (); }; };
		D55B29591B609C8600AC6562 /* RTReactView.m in Sources */ = {isa = PBXBuildFile; fileRef = D55B29581B609C8600AC6562 /* RTReactView.m */; };
		D55B295C1B60AEE300AC6562 /* RTTableViewCell.m in Sources */ = {isa = PBXBuildFile; fileRef = D55B295B1B60AEE300AC6562 /* RTTableViewCell.m */; };
		D55B295F1B60AEF400AC6562 /* RTHomeItemCell.m in Sources */ = {isa = PBXBuildFile; fileRef = D55B295E1B60AEF400AC6562 /* RTHomeItemCell.m */; };
		D55B29621B60B4DE00AC6562 /* RTReactNativeController.m in Sources */ = {isa = PBXBuildFile; fileRef = D55B29611B60B4DE00AC6562 /* RTReactNativeController.m */; };
		D57F32661B8C8B3600CC8432 /* RTRootViewController.m in Sources */ = {isa = PBXBuildFile; fileRef = D57F32651B8C8B3600CC8432 /* RTRootViewController.m */; };
		D5B3D28F1B5E1672004B3DE6 /* RTTabBarController.m in Sources */ = {isa = PBXBuildFile; fileRef = D5B3D28E1B5E1672004B3DE6 /* RTTabBarController.m */; };
		D5B3D2921B5E176E004B3DE6 /* RTNavigationController.m in Sources */ = {isa = PBXBuildFile; fileRef = D5B3D2911B5E176E004B3DE6 /* RTNavigationController.m */; };
		D5B3D2981B5E1859004B3DE6 /* RTBaseViewController.m in Sources */ = {isa = PBXBuildFile; fileRef = D5B3D2971B5E1859004B3DE6 /* RTBaseViewController.m */; };
		D5B3D29F1B5E1943004B3DE6 /* RTHomeViewController.m in Sources */ = {isa = PBXBuildFile; fileRef = D5B3D29E1B5E1943004B3DE6 /* RTHomeViewController.m */; };
		D5B3D2A41B5E196B004B3DE6 /* RTUserCenterViewController.m in Sources */ = {isa = PBXBuildFile; fileRef = D5B3D2A31B5E196B004B3DE6 /* RTUserCenterViewController.m */; };
		D5B3D2A71B5E1F1C004B3DE6 /* RTCollectionViewController.m in Sources */ = {isa = PBXBuildFile; fileRef = D5B3D2A61B5E1F1C004B3DE6 /* RTCollectionViewController.m */; };
		D5B3D2AA1B5E1F2A004B3DE6 /* RTTableViewController.m in Sources */ = {isa = PBXBuildFile; fileRef = D5B3D2A91B5E1F2A004B3DE6 /* RTTableViewController.m */; };
		D5B3D2AF1B5E445D004B3DE6 /* UIView+RTFrameEx.m in Sources */ = {isa = PBXBuildFile; fileRef = D5B3D2AE1B5E445D004B3DE6 /* UIView+RTFrameEx.m */; };
		D5B3D2B31B5E5C54004B3DE6 /* NSString+RTFormatEx.m in Sources */ = {isa = PBXBuildFile; fileRef = D5B3D2B21B5E5C54004B3DE6 /* NSString+RTFormatEx.m */; };
		D5D2ACC31BA91055008CF33F /* RTBugTagsViewController.m in Sources */ = {isa = PBXBuildFile; fileRef = D5D2ACC21BA91055008CF33F /* RTBugTagsViewController.m */; };
/* End PBXBuildFile section */

/* Begin PBXContainerItemProxy section */
		D546D2CA1B5CD5A400F025C1 /* PBXContainerItemProxy */ = {
			isa = PBXContainerItemProxy;
			containerPortal = D546D2A81B5CD5A400F025C1 /* Project object */;
			proxyType = 1;
			remoteGlobalIDString = D546D2AF1B5CD5A400F025C1;
			remoteInfo = Rat;
		};
/* End PBXContainerItemProxy section */

/* Begin PBXFileReference section */
		42B05B4CC8102C03ACDDDA76 /* Pods-Rat.release.xcconfig */ = {isa = PBXFileReference; includeInIndex = 1; lastKnownFileType = text.xcconfig; name = "Pods-Rat.release.xcconfig"; path = "Pods/Target Support Files/Pods-Rat/Pods-Rat.release.xcconfig"; sourceTree = "<group>"; };
		52EAEBFD0C27635B58AF8474 /* libPods-Rat.a */ = {isa = PBXFileReference; explicitFileType = archive.ar; includeInIndex = 0; path = "libPods-Rat.a"; sourceTree = BUILT_PRODUCTS_DIR; };
		6138EA8D6D6B562E60D07746 /* Pods-Rat.debug.xcconfig */ = {isa = PBXFileReference; includeInIndex = 1; lastKnownFileType = text.xcconfig; name = "Pods-Rat.debug.xcconfig"; path = "Pods/Target Support Files/Pods-Rat/Pods-Rat.debug.xcconfig"; sourceTree = "<group>"; };
		D52432E01B8D7124001AC850 /* UIImage+RTExtension.h */ = {isa = PBXFileReference; fileEncoding = 4; lastKnownFileType = sourcecode.c.h; name = "UIImage+RTExtension.h"; path = "Rat/UIImage+RTExtension.h"; sourceTree = "<group>"; };
		D52432E11B8D7124001AC850 /* UIImage+RTExtension.m */ = {isa = PBXFileReference; fileEncoding = 4; lastKnownFileType = sourcecode.c.objc; name = "UIImage+RTExtension.m"; path = "Rat/UIImage+RTExtension.m"; sourceTree = "<group>"; };
		D546D2B01B5CD5A400F025C1 /* Rat.app */ = {isa = PBXFileReference; explicitFileType = wrapper.application; includeInIndex = 0; path = Rat.app; sourceTree = BUILT_PRODUCTS_DIR; };
		D546D2B41B5CD5A400F025C1 /* Info.plist */ = {isa = PBXFileReference; lastKnownFileType = text.plist.xml; path = Info.plist; sourceTree = "<group>"; };
		D546D2B51B5CD5A400F025C1 /* main.m */ = {isa = PBXFileReference; lastKnownFileType = sourcecode.c.objc; path = main.m; sourceTree = "<group>"; };
		D546D2C01B5CD5A400F025C1 /* Images.xcassets */ = {isa = PBXFileReference; lastKnownFileType = folder.assetcatalog; path = Images.xcassets; sourceTree = "<group>"; };
		D546D2C91B5CD5A400F025C1 /* RatTests.xctest */ = {isa = PBXFileReference; explicitFileType = wrapper.cfbundle; includeInIndex = 0; path = RatTests.xctest; sourceTree = BUILT_PRODUCTS_DIR; };
		D546D2CE1B5CD5A400F025C1 /* Info.plist */ = {isa = PBXFileReference; lastKnownFileType = text.plist.xml; path = Info.plist; sourceTree = "<group>"; };
		D546D2CF1B5CD5A400F025C1 /* RatTests.m */ = {isa = PBXFileReference; lastKnownFileType = sourcecode.c.objc; path = RatTests.m; sourceTree = "<group>"; };
		D546D2D91B5CDD6D00F025C1 /* RTAppDelegate.h */ = {isa = PBXFileReference; fileEncoding = 4; lastKnownFileType = sourcecode.c.h; path = RTAppDelegate.h; sourceTree = "<group>"; };
		D546D2DA1B5CDD6D00F025C1 /* RTAppDelegate.m */ = {isa = PBXFileReference; fileEncoding = 4; lastKnownFileType = sourcecode.c.objc; path = RTAppDelegate.m; sourceTree = "<group>"; };
		D546D2E41B5CF24500F025C1 /* RTEnumDefine.h */ = {isa = PBXFileReference; fileEncoding = 4; lastKnownFileType = sourcecode.c.h; path = RTEnumDefine.h; sourceTree = "<group>"; };
		D546D2E51B5CF60600F025C1 /* RTSystemUtil.h */ = {isa = PBXFileReference; fileEncoding = 4; lastKnownFileType = sourcecode.c.h; name = RTSystemUtil.h; path = Rat/RTSystemUtil.h; sourceTree = "<group>"; };
		D546D2E61B5CF60600F025C1 /* RTSystemUtil.m */ = {isa = PBXFileReference; fileEncoding = 4; lastKnownFileType = sourcecode.c.objc; name = RTSystemUtil.m; path = Rat/RTSystemUtil.m; sourceTree = "<group>"; };
		D546D2E91B5CFD8300F025C1 /* Rat-Prefix.pch */ = {isa = PBXFileReference; fileEncoding = 4; lastKnownFileType = sourcecode.c.h; path = "Rat-Prefix.pch"; sourceTree = "<group>"; };
		D546D2EA1B5D051500F025C1 /* RTShortDefine.h */ = {isa = PBXFileReference; fileEncoding = 4; lastKnownFileType = sourcecode.c.h; name = RTShortDefine.h; path = Rat/RTShortDefine.h; sourceTree = "<group>"; };
		D546D2EB1B5D0BE900F025C1 /* RTConfigDefine.h */ = {isa = PBXFileReference; lastKnownFileType = sourcecode.c.h; path = RTConfigDefine.h; sourceTree = "<group>"; };
		D554FA671BBA7A250087BC06 /* RTHideNavigationBarViewController.h */ = {isa = PBXFileReference; fileEncoding = 4; lastKnownFileType = sourcecode.c.h; path = RTHideNavigationBarViewController.h; sourceTree = "<group>"; };
		D554FA681BBA7A250087BC06 /* RTHideNavigationBarViewController.m */ = {isa = PBXFileReference; fileEncoding = 4; lastKnownFileType = sourcecode.c.objc; path = RTHideNavigationBarViewController.m; sourceTree = "<group>"; };
		D554FA6A1BBA824D0087BC06 /* RTHideTabBarViewController.h */ = {isa = PBXFileReference; fileEncoding = 4; lastKnownFileType = sourcecode.c.h; path = RTHideTabBarViewController.h; sourceTree = "<group>"; };
		D554FA6B1BBA824D0087BC06 /* RTHideTabBarViewController.m */ = {isa = PBXFileReference; fileEncoding = 4; lastKnownFileType = sourcecode.c.objc; path = RTHideTabBarViewController.m; sourceTree = "<group>"; };
		D554FA701BBA999B0087BC06 /* UIViewController+RTNavigationBar.h */ = {isa = PBXFileReference; fileEncoding = 4; lastKnownFileType = sourcecode.c.h; name = "UIViewController+RTNavigationBar.h"; path = "Rat/UIViewController+RTNavigationBar.h"; sourceTree = "<group>"; };
		D554FA711BBA999B0087BC06 /* UIViewController+RTNavigationBar.m */ = {isa = PBXFileReference; fileEncoding = 4; lastKnownFileType = sourcecode.c.objc; name = "UIViewController+RTNavigationBar.m"; path = "Rat/UIViewController+RTNavigationBar.m"; sourceTree = "<group>"; };
		D554FA731BBB6BCC0087BC06 /* NSDictionary+RTTextAttributesExtension.h */ = {isa = PBXFileReference; fileEncoding = 4; lastKnownFileType = sourcecode.c.h; name = "NSDictionary+RTTextAttributesExtension.h"; path = "Rat/NSDictionary+RTTextAttributesExtension.h"; sourceTree = "<group>"; };
		D554FA741BBB6BCC0087BC06 /* NSDictionary+RTTextAttributesExtension.m */ = {isa = PBXFileReference; fileEncoding = 4; lastKnownFileType = sourcecode.c.objc; name = "NSDictionary+RTTextAttributesExtension.m"; path = "Rat/NSDictionary+RTTextAttributesExtension.m"; sourceTree = "<group>"; };
		D554FA771BBB71D00087BC06 /* RatKit.h */ = {isa = PBXFileReference; fileEncoding = 4; lastKnownFileType = sourcecode.c.h; path = RatKit.h; sourceTree = "<group>"; };
		D554FA811BBB82A20087BC06 /* RTSettingDefine.h */ = {isa = PBXFileReference; fileEncoding = 4; lastKnownFileType = sourcecode.c.h; path = RTSettingDefine.h; sourceTree = "<group>"; };
		D554FA851BBB95660087BC06 /* NSDate+RTExtension.h */ = {isa = PBXFileReference; fileEncoding = 4; lastKnownFileType = sourcecode.c.h; path = "NSDate+RTExtension.h"; sourceTree = "<group>"; };
		D554FA861BBB95660087BC06 /* NSDate+RTExtension.m */ = {isa = PBXFileReference; fileEncoding = 4; lastKnownFileType = sourcecode.c.objc; path = "NSDate+RTExtension.m"; sourceTree = "<group>"; };
		D554FA881BBBAE100087BC06 /* UIViewController+RTActivityView.h */ = {isa = PBXFileReference; fileEncoding = 4; lastKnownFileType = sourcecode.c.h; path = "UIViewController+RTActivityView.h"; sourceTree = "<group>"; };
		D554FA891BBBAE100087BC06 /* UIViewController+RTActivityView.m */ = {isa = PBXFileReference; fileEncoding = 4; lastKnownFileType = sourcecode.c.objc; path = "UIViewController+RTActivityView.m"; sourceTree = "<group>"; };
		D554FA8B1BBBC9E30087BC06 /* CABasicAnimation+RTExtension.h */ = {isa = PBXFileReference; fileEncoding = 4; lastKnownFileType = sourcecode.c.h; path = "CABasicAnimation+RTExtension.h"; sourceTree = "<group>"; };
		D554FA8C1BBBC9E30087BC06 /* CABasicAnimation+RTExtension.m */ = {isa = PBXFileReference; fileEncoding = 4; lastKnownFileType = sourcecode.c.objc; path = "CABasicAnimation+RTExtension.m"; sourceTree = "<group>"; };
		D55B29571B609C8600AC6562 /* RTReactView.h */ = {isa = PBXFileReference; fileEncoding = 4; lastKnownFileType = sourcecode.c.h; path = RTReactView.h; sourceTree = "<group>"; };
		D55B29581B609C8600AC6562 /* RTReactView.m */ = {isa = PBXFileReference; fileEncoding = 4; lastKnownFileType = sourcecode.c.objc; path = RTReactView.m; sourceTree = "<group>"; };
		D55B295A1B60AEE300AC6562 /* RTTableViewCell.h */ = {isa = PBXFileReference; fileEncoding = 4; lastKnownFileType = sourcecode.c.h; name = RTTableViewCell.h; path = Rat/RTTableViewCell.h; sourceTree = "<group>"; };
		D55B295B1B60AEE300AC6562 /* RTTableViewCell.m */ = {isa = PBXFileReference; fileEncoding = 4; lastKnownFileType = sourcecode.c.objc; name = RTTableViewCell.m; path = Rat/RTTableViewCell.m; sourceTree = "<group>"; };
		D55B295D1B60AEF400AC6562 /* RTHomeItemCell.h */ = {isa = PBXFileReference; fileEncoding = 4; lastKnownFileType = sourcecode.c.h; path = RTHomeItemCell.h; sourceTree = "<group>"; };
		D55B295E1B60AEF400AC6562 /* RTHomeItemCell.m */ = {isa = PBXFileReference; fileEncoding = 4; lastKnownFileType = sourcecode.c.objc; path = RTHomeItemCell.m; sourceTree = "<group>"; };
		D55B29601B60B4DE00AC6562 /* RTReactNativeController.h */ = {isa = PBXFileReference; fileEncoding = 4; lastKnownFileType = sourcecode.c.h; name = RTReactNativeController.h; path = Rat/RTReactNativeController.h; sourceTree = "<group>"; };
		D55B29611B60B4DE00AC6562 /* RTReactNativeController.m */ = {isa = PBXFileReference; fileEncoding = 4; lastKnownFileType = sourcecode.c.objc; name = RTReactNativeController.m; path = Rat/RTReactNativeController.m; sourceTree = "<group>"; };
		D57F32611B8C7C5400CC8432 /* SenTestingKit.framework */ = {isa = PBXFileReference; lastKnownFileType = wrapper.framework; name = SenTestingKit.framework; path = Library/Frameworks/SenTestingKit.framework; sourceTree = DEVELOPER_DIR; };
		D57F32641B8C8B3600CC8432 /* RTRootViewController.h */ = {isa = PBXFileReference; fileEncoding = 4; lastKnownFileType = sourcecode.c.h; name = RTRootViewController.h; path = Rat/TabBar/RTRootViewController.h; sourceTree = "<group>"; };
		D57F32651B8C8B3600CC8432 /* RTRootViewController.m */ = {isa = PBXFileReference; fileEncoding = 4; lastKnownFileType = sourcecode.c.objc; name = RTRootViewController.m; path = Rat/TabBar/RTRootViewController.m; sourceTree = "<group>"; };
		D5B3D28D1B5E1672004B3DE6 /* RTTabBarController.h */ = {isa = PBXFileReference; fileEncoding = 4; lastKnownFileType = sourcecode.c.h; name = RTTabBarController.h; path = Rat/RTTabBarController.h; sourceTree = "<group>"; };
		D5B3D28E1B5E1672004B3DE6 /* RTTabBarController.m */ = {isa = PBXFileReference; fileEncoding = 4; lastKnownFileType = sourcecode.c.objc; name = RTTabBarController.m; path = Rat/RTTabBarController.m; sourceTree = "<group>"; };
		D5B3D2901B5E176E004B3DE6 /* RTNavigationController.h */ = {isa = PBXFileReference; fileEncoding = 4; lastKnownFileType = sourcecode.c.h; name = RTNavigationController.h; path = Rat/RTNavigationController.h; sourceTree = "<group>"; };
		D5B3D2911B5E176E004B3DE6 /* RTNavigationController.m */ = {isa = PBXFileReference; fileEncoding = 4; lastKnownFileType = sourcecode.c.objc; name = RTNavigationController.m; path = Rat/RTNavigationController.m; sourceTree = "<group>"; };
		D5B3D2961B5E1859004B3DE6 /* RTBaseViewController.h */ = {isa = PBXFileReference; fileEncoding = 4; lastKnownFileType = sourcecode.c.h; name = RTBaseViewController.h; path = Rat/RTBaseViewController.h; sourceTree = "<group>"; };
		D5B3D2971B5E1859004B3DE6 /* RTBaseViewController.m */ = {isa = PBXFileReference; fileEncoding = 4; lastKnownFileType = sourcecode.c.objc; name = RTBaseViewController.m; path = Rat/RTBaseViewController.m; sourceTree = "<group>"; };
		D5B3D29D1B5E1943004B3DE6 /* RTHomeViewController.h */ = {isa = PBXFileReference; fileEncoding = 4; lastKnownFileType = sourcecode.c.h; path = RTHomeViewController.h; sourceTree = "<group>"; };
		D5B3D29E1B5E1943004B3DE6 /* RTHomeViewController.m */ = {isa = PBXFileReference; fileEncoding = 4; lastKnownFileType = sourcecode.c.objc; path = RTHomeViewController.m; sourceTree = "<group>"; };
		D5B3D2A21B5E196B004B3DE6 /* RTUserCenterViewController.h */ = {isa = PBXFileReference; fileEncoding = 4; lastKnownFileType = sourcecode.c.h; path = RTUserCenterViewController.h; sourceTree = "<group>"; };
		D5B3D2A31B5E196B004B3DE6 /* RTUserCenterViewController.m */ = {isa = PBXFileReference; fileEncoding = 4; lastKnownFileType = sourcecode.c.objc; path = RTUserCenterViewController.m; sourceTree = "<group>"; };
		D5B3D2A51B5E1F1C004B3DE6 /* RTCollectionViewController.h */ = {isa = PBXFileReference; fileEncoding = 4; lastKnownFileType = sourcecode.c.h; name = RTCollectionViewController.h; path = Rat/RTCollectionViewController.h; sourceTree = "<group>"; };
		D5B3D2A61B5E1F1C004B3DE6 /* RTCollectionViewController.m */ = {isa = PBXFileReference; fileEncoding = 4; lastKnownFileType = sourcecode.c.objc; name = RTCollectionViewController.m; path = Rat/RTCollectionViewController.m; sourceTree = "<group>"; };
		D5B3D2A81B5E1F2A004B3DE6 /* RTTableViewController.h */ = {isa = PBXFileReference; fileEncoding = 4; lastKnownFileType = sourcecode.c.h; name = RTTableViewController.h; path = Rat/RTTableViewController.h; sourceTree = "<group>"; };
		D5B3D2A91B5E1F2A004B3DE6 /* RTTableViewController.m */ = {isa = PBXFileReference; fileEncoding = 4; lastKnownFileType = sourcecode.c.objc; name = RTTableViewController.m; path = Rat/RTTableViewController.m; sourceTree = "<group>"; };
		D5B3D2AD1B5E445D004B3DE6 /* UIView+RTFrameEx.h */ = {isa = PBXFileReference; fileEncoding = 4; lastKnownFileType = sourcecode.c.h; name = "UIView+RTFrameEx.h"; path = "Rat/UIView+RTFrameEx.h"; sourceTree = "<group>"; };
		D5B3D2AE1B5E445D004B3DE6 /* UIView+RTFrameEx.m */ = {isa = PBXFileReference; fileEncoding = 4; lastKnownFileType = sourcecode.c.objc; name = "UIView+RTFrameEx.m"; path = "Rat/UIView+RTFrameEx.m"; sourceTree = "<group>"; };
		D5B3D2B11B5E5C54004B3DE6 /* NSString+RTFormatEx.h */ = {isa = PBXFileReference; fileEncoding = 4; lastKnownFileType = sourcecode.c.h; name = "NSString+RTFormatEx.h"; path = "Rat/NSString+RTFormatEx.h"; sourceTree = "<group>"; };
		D5B3D2B21B5E5C54004B3DE6 /* NSString+RTFormatEx.m */ = {isa = PBXFileReference; fileEncoding = 4; lastKnownFileType = sourcecode.c.objc; name = "NSString+RTFormatEx.m"; path = "Rat/NSString+RTFormatEx.m"; sourceTree = "<group>"; };
		D5D2ACC11BA91055008CF33F /* RTBugTagsViewController.h */ = {isa = PBXFileReference; fileEncoding = 4; lastKnownFileType = sourcecode.c.h; path = RTBugTagsViewController.h; sourceTree = "<group>"; };
		D5D2ACC21BA91055008CF33F /* RTBugTagsViewController.m */ = {isa = PBXFileReference; fileEncoding = 4; lastKnownFileType = sourcecode.c.objc; path = RTBugTagsViewController.m; sourceTree = "<group>"; };
/* End PBXFileReference section */

/* Begin PBXFrameworksBuildPhase section */
		D546D2AD1B5CD5A400F025C1 /* Frameworks */ = {
			isa = PBXFrameworksBuildPhase;
			buildActionMask = 2147483647;
			files = (
				0468F694717D77ECFCFC61FF /* libPods-Rat.a in Frameworks */,
			);
			runOnlyForDeploymentPostprocessing = 0;
		};
		D546D2C61B5CD5A400F025C1 /* Frameworks */ = {
			isa = PBXFrameworksBuildPhase;
			buildActionMask = 2147483647;
			files = (
			);
			runOnlyForDeploymentPostprocessing = 0;
		};
/* End PBXFrameworksBuildPhase section */

/* Begin PBXGroup section */
		14973953C4625329BBF510C4 /* Frameworks */ = {
			isa = PBXGroup;
			children = (
				D57F32611B8C7C5400CC8432 /* SenTestingKit.framework */,
				52EAEBFD0C27635B58AF8474 /* libPods-Rat.a */,
			);
			name = Frameworks;
			sourceTree = "<group>";
		};
		1AC42AEA9BADCDF7E95BE787 /* Pods */ = {
			isa = PBXGroup;
			children = (
				6138EA8D6D6B562E60D07746 /* Pods-Rat.debug.xcconfig */,
				42B05B4CC8102C03ACDDDA76 /* Pods-Rat.release.xcconfig */,
			);
			name = Pods;
			sourceTree = "<group>";
		};
		D546D2A71B5CD5A400F025C1 = {
			isa = PBXGroup;
			children = (
				D546D2B21B5CD5A400F025C1 /* Rat */,
				D554FA761BBB718C0087BC06 /* RatKit */,
				D546D2CC1B5CD5A400F025C1 /* RatTests */,
				D546D2B11B5CD5A400F025C1 /* Products */,
				1AC42AEA9BADCDF7E95BE787 /* Pods */,
				14973953C4625329BBF510C4 /* Frameworks */,
			);
			sourceTree = "<group>";
		};
		D546D2B11B5CD5A400F025C1 /* Products */ = {
			isa = PBXGroup;
			children = (
				D546D2B01B5CD5A400F025C1 /* Rat.app */,
				D546D2C91B5CD5A400F025C1 /* RatTests.xctest */,
			);
			name = Products;
			sourceTree = "<group>";
		};
		D546D2B21B5CD5A400F025C1 /* Rat */ = {
			isa = PBXGroup;
			children = (
				D546D2E31B5CE58800F025C1 /* AppDelegate */,
				D546D2DF1B5CE55A00F025C1 /* UI */,
				D546D2DE1B5CE54900F025C1 /* Configs */,
				D546D2DD1B5CE53C00F025C1 /* Defines */,
				D546D2C01B5CD5A400F025C1 /* Images.xcassets */,
				D546D2B31B5CD5A400F025C1 /* Supporting Files */,
			);
			path = Rat;
			sourceTree = "<group>";
		};
		D546D2B31B5CD5A400F025C1 /* Supporting Files */ = {
			isa = PBXGroup;
			children = (
				D546D2B41B5CD5A400F025C1 /* Info.plist */,
				D546D2B51B5CD5A400F025C1 /* main.m */,
				D546D2E91B5CFD8300F025C1 /* Rat-Prefix.pch */,
			);
			name = "Supporting Files";
			sourceTree = "<group>";
		};
		D546D2CC1B5CD5A400F025C1 /* RatTests */ = {
			isa = PBXGroup;
			children = (
				D546D2CF1B5CD5A400F025C1 /* RatTests.m */,
				D546D2CD1B5CD5A400F025C1 /* Supporting Files */,
			);
			path = RatTests;
			sourceTree = "<group>";
		};
		D546D2CD1B5CD5A400F025C1 /* Supporting Files */ = {
			isa = PBXGroup;
			children = (
				D546D2CE1B5CD5A400F025C1 /* Info.plist */,
			);
			name = "Supporting Files";
			sourceTree = "<group>";
		};
		D546D2DD1B5CE53C00F025C1 /* Defines */ = {
			isa = PBXGroup;
			children = (
				D546D2E41B5CF24500F025C1 /* RTEnumDefine.h */,
			);
			name = Defines;
			sourceTree = "<group>";
		};
		D546D2DE1B5CE54900F025C1 /* Configs */ = {
			isa = PBXGroup;
			children = (
				D546D2EB1B5D0BE900F025C1 /* RTConfigDefine.h */,
			);
			name = Configs;
			sourceTree = "<group>";
		};
		D546D2DF1B5CE55A00F025C1 /* UI */ = {
			isa = PBXGroup;
			children = (
				D5B3D29A1B5E191E004B3DE6 /* User */,
				D554FA611BBA79240087BC06 /* Other */,
				D5B3D2991B5E1917004B3DE6 /* Home */,
			);
			name = UI;
			sourceTree = "<group>";
		};
		D546D2E31B5CE58800F025C1 /* AppDelegate */ = {
			isa = PBXGroup;
			children = (
				D546D2D91B5CDD6D00F025C1 /* RTAppDelegate.h */,
				D546D2DA1B5CDD6D00F025C1 /* RTAppDelegate.m */,
			);
			name = AppDelegate;
			sourceTree = "<group>";
		};
		D554FA611BBA79240087BC06 /* Other */ = {
			isa = PBXGroup;
			children = (
				D554FA631BBA79700087BC06 /* Views */,
				D554FA621BBA79650087BC06 /* Controllers */,
			);
			path = Other;
			sourceTree = "<group>";
		};
		D554FA621BBA79650087BC06 /* Controllers */ = {
			isa = PBXGroup;
			children = (
				D554FA6A1BBA824D0087BC06 /* RTHideTabBarViewController.h */,
				D554FA6B1BBA824D0087BC06 /* RTHideTabBarViewController.m */,
				D554FA671BBA7A250087BC06 /* RTHideNavigationBarViewController.h */,
				D554FA681BBA7A250087BC06 /* RTHideNavigationBarViewController.m */,
			);
			name = Controllers;
			sourceTree = "<group>";
		};
		D554FA631BBA79700087BC06 /* Views */ = {
			isa = PBXGroup;
			children = (
			);
			name = Views;
			sourceTree = "<group>";
		};
		D554FA761BBB718C0087BC06 /* RatKit */ = {
			isa = PBXGroup;
			children = (
				D554FA771BBB71D00087BC06 /* RatKit.h */,
				D554FA7E1BBB729E0087BC06 /* UIKit */,
				D554FA7B1BBB721F0087BC06 /* Foundation */,
				D554FA7A1BBB72110087BC06 /* Defines */,
				D554FA781BBB71FC0087BC06 /* Data */,
			);
			name = RatKit;
			sourceTree = "<group>";
		};
		D554FA781BBB71FC0087BC06 /* Data */ = {
			isa = PBXGroup;
			children = (
			);
			name = Data;
			sourceTree = "<group>";
		};
		D554FA7A1BBB72110087BC06 /* Defines */ = {
			isa = PBXGroup;
			children = (
				D546D2EA1B5D051500F025C1 /* RTShortDefine.h */,
				D554FA811BBB82A20087BC06 /* RTSettingDefine.h */,
			);
			name = Defines;
			sourceTree = "<group>";
		};
		D554FA7B1BBB721F0087BC06 /* Foundation */ = {
			isa = PBXGroup;
			children = (
				D554FA7D1BBB72560087BC06 /* Class */,
				D554FA7C1BBB724D0087BC06 /* Category */,
			);
			name = Foundation;
			sourceTree = "<group>";
		};
		D554FA7C1BBB724D0087BC06 /* Category */ = {
			isa = PBXGroup;
			children = (
				D5B3D2B11B5E5C54004B3DE6 /* NSString+RTFormatEx.h */,
				D5B3D2B21B5E5C54004B3DE6 /* NSString+RTFormatEx.m */,
				D52432E01B8D7124001AC850 /* UIImage+RTExtension.h */,
				D52432E11B8D7124001AC850 /* UIImage+RTExtension.m */,
				D554FA731BBB6BCC0087BC06 /* NSDictionary+RTTextAttributesExtension.h */,
				D554FA741BBB6BCC0087BC06 /* NSDictionary+RTTextAttributesExtension.m */,
				D554FA851BBB95660087BC06 /* NSDate+RTExtension.h */,
				D554FA861BBB95660087BC06 /* NSDate+RTExtension.m */,
				D554FA8B1BBBC9E30087BC06 /* CABasicAnimation+RTExtension.h */,
				D554FA8C1BBBC9E30087BC06 /* CABasicAnimation+RTExtension.m */,
			);
			name = Category;
			sourceTree = "<group>";
		};
		D554FA7D1BBB72560087BC06 /* Class */ = {
			isa = PBXGroup;
			children = (
				D546D2E51B5CF60600F025C1 /* RTSystemUtil.h */,
				D546D2E61B5CF60600F025C1 /* RTSystemUtil.m */,
			);
			name = Class;
			sourceTree = "<group>";
		};
		D554FA7E1BBB729E0087BC06 /* UIKit */ = {
			isa = PBXGroup;
			children = (
				D554FA801BBB72D30087BC06 /* Class */,
				D554FA7F1BBB72A40087BC06 /* Category */,
			);
			name = UIKit;
			sourceTree = "<group>";
		};
		D554FA7F1BBB72A40087BC06 /* Category */ = {
			isa = PBXGroup;
			children = (
				D5B3D2AD1B5E445D004B3DE6 /* UIView+RTFrameEx.h */,
				D5B3D2AE1B5E445D004B3DE6 /* UIView+RTFrameEx.m */,
				D554FA701BBA999B0087BC06 /* UIViewController+RTNavigationBar.h */,
				D554FA711BBA999B0087BC06 /* UIViewController+RTNavigationBar.m */,
				D554FA881BBBAE100087BC06 /* UIViewController+RTActivityView.h */,
				D554FA891BBBAE100087BC06 /* UIViewController+RTActivityView.m */,
			);
			name = Category;
			sourceTree = "<group>";
		};
		D554FA801BBB72D30087BC06 /* Class */ = {
			isa = PBXGroup;
			children = (
				D57F32641B8C8B3600CC8432 /* RTRootViewController.h */,
				D57F32651B8C8B3600CC8432 /* RTRootViewController.m */,
				D5B3D28D1B5E1672004B3DE6 /* RTTabBarController.h */,
				D5B3D28E1B5E1672004B3DE6 /* RTTabBarController.m */,
				D5B3D2901B5E176E004B3DE6 /* RTNavigationController.h */,
				D5B3D2911B5E176E004B3DE6 /* RTNavigationController.m */,
				D5B3D2961B5E1859004B3DE6 /* RTBaseViewController.h */,
				D5B3D2971B5E1859004B3DE6 /* RTBaseViewController.m */,
				D5B3D2A51B5E1F1C004B3DE6 /* RTCollectionViewController.h */,
				D5B3D2A61B5E1F1C004B3DE6 /* RTCollectionViewController.m */,
				D5B3D2A81B5E1F2A004B3DE6 /* RTTableViewController.h */,
				D5B3D2A91B5E1F2A004B3DE6 /* RTTableViewController.m */,
				D55B295A1B60AEE300AC6562 /* RTTableViewCell.h */,
				D55B295B1B60AEE300AC6562 /* RTTableViewCell.m */,
				D55B29601B60B4DE00AC6562 /* RTReactNativeController.h */,
				D55B29611B60B4DE00AC6562 /* RTReactNativeController.m */,
			);
			name = Class;
			sourceTree = "<group>";
		};
		D5B3D2991B5E1917004B3DE6 /* Home */ = {
			isa = PBXGroup;
			children = (
				D5B3D29C1B5E192D004B3DE6 /* Views */,
				D5B3D29B1B5E1926004B3DE6 /* Controllers */,
			);
			name = Home;
			sourceTree = "<group>";
		};
		D5B3D29A1B5E191E004B3DE6 /* User */ = {
			isa = PBXGroup;
			children = (
				D5B3D2A11B5E195D004B3DE6 /* Views */,
				D5B3D2A01B5E1958004B3DE6 /* Controllers */,
			);
			name = User;
			sourceTree = "<group>";
		};
		D5B3D29B1B5E1926004B3DE6 /* Controllers */ = {
			isa = PBXGroup;
			children = (
				D5B3D29D1B5E1943004B3DE6 /* RTHomeViewController.h */,
				D5B3D29E1B5E1943004B3DE6 /* RTHomeViewController.m */,
				D5D2ACC11BA91055008CF33F /* RTBugTagsViewController.h */,
				D5D2ACC21BA91055008CF33F /* RTBugTagsViewController.m */,
			);
			name = Controllers;
			sourceTree = "<group>";
		};
		D5B3D29C1B5E192D004B3DE6 /* Views */ = {
			isa = PBXGroup;
			children = (
				D55B29571B609C8600AC6562 /* RTReactView.h */,
				D55B29581B609C8600AC6562 /* RTReactView.m */,
				D55B295D1B60AEF400AC6562 /* RTHomeItemCell.h */,
				D55B295E1B60AEF400AC6562 /* RTHomeItemCell.m */,
			);
			name = Views;
			sourceTree = "<group>";
		};
		D5B3D2A01B5E1958004B3DE6 /* Controllers */ = {
			isa = PBXGroup;
			children = (
				D5B3D2A21B5E196B004B3DE6 /* RTUserCenterViewController.h */,
				D5B3D2A31B5E196B004B3DE6 /* RTUserCenterViewController.m */,
			);
			name = Controllers;
			sourceTree = "<group>";
		};
		D5B3D2A11B5E195D004B3DE6 /* Views */ = {
			isa = PBXGroup;
			children = (
			);
			name = Views;
			sourceTree = "<group>";
		};
/* End PBXGroup section */

/* Begin PBXNativeTarget section */
		D546D2AF1B5CD5A400F025C1 /* Rat */ = {
			isa = PBXNativeTarget;
			buildConfigurationList = D546D2D31B5CD5A400F025C1 /* Build configuration list for PBXNativeTarget "Rat" */;
			buildPhases = (
				9C994EE019A76165841BC62F /* Check Pods Manifest.lock */,
				D546D2AC1B5CD5A400F025C1 /* Sources */,
				D546D2AD1B5CD5A400F025C1 /* Frameworks */,
				D546D2AE1B5CD5A400F025C1 /* Resources */,
				61E798CDC73B26BBA757DBBD /* Copy Pods Resources */,
			);
			buildRules = (
			);
			dependencies = (
			);
			name = Rat;
			productName = Rat;
			productReference = D546D2B01B5CD5A400F025C1 /* Rat.app */;
			productType = "com.apple.product-type.application";
		};
		D546D2C81B5CD5A400F025C1 /* RatTests */ = {
			isa = PBXNativeTarget;
			buildConfigurationList = D546D2D61B5CD5A400F025C1 /* Build configuration list for PBXNativeTarget "RatTests" */;
			buildPhases = (
				D546D2C51B5CD5A400F025C1 /* Sources */,
				D546D2C61B5CD5A400F025C1 /* Frameworks */,
				D546D2C71B5CD5A400F025C1 /* Resources */,
			);
			buildRules = (
			);
			dependencies = (
				D546D2CB1B5CD5A400F025C1 /* PBXTargetDependency */,
			);
			name = RatTests;
			productName = RatTests;
			productReference = D546D2C91B5CD5A400F025C1 /* RatTests.xctest */;
			productType = "com.apple.product-type.bundle.unit-test";
		};
/* End PBXNativeTarget section */

/* Begin PBXProject section */
		D546D2A81B5CD5A400F025C1 /* Project object */ = {
			isa = PBXProject;
			attributes = {
				LastUpgradeCheck = 0620;
				ORGANIZATIONNAME = zodiac;
				TargetAttributes = {
					D546D2AF1B5CD5A400F025C1 = {
						CreatedOnToolsVersion = 6.2;
					};
					D546D2C81B5CD5A400F025C1 = {
						CreatedOnToolsVersion = 6.2;
						TestTargetID = D546D2AF1B5CD5A400F025C1;
					};
				};
			};
			buildConfigurationList = D546D2AB1B5CD5A400F025C1 /* Build configuration list for PBXProject "Rat" */;
			compatibilityVersion = "Xcode 3.2";
			developmentRegion = English;
			hasScannedForEncodings = 0;
			knownRegions = (
				en,
				Base,
			);
			mainGroup = D546D2A71B5CD5A400F025C1;
			productRefGroup = D546D2B11B5CD5A400F025C1 /* Products */;
			projectDirPath = "";
			projectRoot = "";
			targets = (
				D546D2AF1B5CD5A400F025C1 /* Rat */,
				D546D2C81B5CD5A400F025C1 /* RatTests */,
			);
		};
/* End PBXProject section */

/* Begin PBXResourcesBuildPhase section */
		D546D2AE1B5CD5A400F025C1 /* Resources */ = {
			isa = PBXResourcesBuildPhase;
			buildActionMask = 2147483647;
			files = (
				D546D2C11B5CD5A400F025C1 /* Images.xcassets in Resources */,
			);
			runOnlyForDeploymentPostprocessing = 0;
		};
		D546D2C71B5CD5A400F025C1 /* Resources */ = {
			isa = PBXResourcesBuildPhase;
			buildActionMask = 2147483647;
			files = (
			);
			runOnlyForDeploymentPostprocessing = 0;
		};
/* End PBXResourcesBuildPhase section */

/* Begin PBXShellScriptBuildPhase section */
		61E798CDC73B26BBA757DBBD /* Copy Pods Resources */ = {
			isa = PBXShellScriptBuildPhase;
			buildActionMask = 2147483647;
			files = (
			);
			inputPaths = (
			);
			name = "Copy Pods Resources";
			outputPaths = (
			);
			runOnlyForDeploymentPostprocessing = 0;
			shellPath = /bin/sh;
			shellScript = "\"${SRCROOT}/Pods/Target Support Files/Pods-Rat/Pods-Rat-resources.sh\"\n";
			showEnvVarsInLog = 0;
		};
		9C994EE019A76165841BC62F /* Check Pods Manifest.lock */ = {
			isa = PBXShellScriptBuildPhase;
			buildActionMask = 2147483647;
			files = (
			);
			inputPaths = (
			);
			name = "Check Pods Manifest.lock";
			outputPaths = (
			);
			runOnlyForDeploymentPostprocessing = 0;
			shellPath = /bin/sh;
			shellScript = "diff \"${PODS_ROOT}/../Podfile.lock\" \"${PODS_ROOT}/Manifest.lock\" > /dev/null\nif [[ $? != 0 ]] ; then\n    cat << EOM\nerror: The sandbox is not in sync with the Podfile.lock. Run 'pod install' or update your CocoaPods installation.\nEOM\n    exit 1\nfi\n";
			showEnvVarsInLog = 0;
		};
/* End PBXShellScriptBuildPhase section */

/* Begin PBXSourcesBuildPhase section */
		D546D2AC1B5CD5A400F025C1 /* Sources */ = {
			isa = PBXSourcesBuildPhase;
			buildActionMask = 2147483647;
			files = (
				D5B3D2921B5E176E004B3DE6 /* RTNavigationController.m in Sources */,
				D546D2DB1B5CDD6D00F025C1 /* RTAppDelegate.m in Sources */,
				D5B3D28F1B5E1672004B3DE6 /* RTTabBarController.m in Sources */,
				D55B295F1B60AEF400AC6562 /* RTHomeItemCell.m in Sources */,
				D554FA6C1BBA824D0087BC06 /* RTHideTabBarViewController.m in Sources */,
				D55B29621B60B4DE00AC6562 /* RTReactNativeController.m in Sources */,
				D546D2B61B5CD5A400F025C1 /* main.m in Sources */,
				D554FA8D1BBBC9E30087BC06 /* CABasicAnimation+RTExtension.m in Sources */,
				D5D2ACC31BA91055008CF33F /* RTBugTagsViewController.m in Sources */,
				D5B3D2A41B5E196B004B3DE6 /* RTUserCenterViewController.m in Sources */,
				D5B3D2AF1B5E445D004B3DE6 /* UIView+RTFrameEx.m in Sources */,
				D5B3D2AA1B5E1F2A004B3DE6 /* RTTableViewController.m in Sources */,
				D554FA8A1BBBAE100087BC06 /* UIViewController+RTActivityView.m in Sources */,
				D55B295C1B60AEE300AC6562 /* RTTableViewCell.m in Sources */,
				D554FA691BBA7A250087BC06 /* RTHideNavigationBarViewController.m in Sources */,
				D554FA751BBB6BCC0087BC06 /* NSDictionary+RTTextAttributesExtension.m in Sources */,
				D554FA871BBB95660087BC06 /* NSDate+RTExtension.m in Sources */,
				D546D2E71B5CF60600F025C1 /* RTSystemUtil.m in Sources */,
				D5B3D2A71B5E1F1C004B3DE6 /* RTCollectionViewController.m in Sources */,
				D5B3D2981B5E1859004B3DE6 /* RTBaseViewController.m in Sources */,
				D5B3D29F1B5E1943004B3DE6 /* RTHomeViewController.m in Sources */,
				D57F32661B8C8B3600CC8432 /* RTRootViewController.m in Sources */,
				D52432E21B8D7124001AC850 /* UIImage+RTExtension.m in Sources */,
				D554FA721BBA999B0087BC06 /* UIViewController+RTNavigationBar.m in Sources */,
				D5B3D2B31B5E5C54004B3DE6 /* NSString+RTFormatEx.m in Sources */,
				D55B29591B609C8600AC6562 /* RTReactView.m in Sources */,
			);
			runOnlyForDeploymentPostprocessing = 0;
		};
		D546D2C51B5CD5A400F025C1 /* Sources */ = {
			isa = PBXSourcesBuildPhase;
			buildActionMask = 2147483647;
			files = (
				D546D2D01B5CD5A400F025C1 /* RatTests.m in Sources */,
			);
			runOnlyForDeploymentPostprocessing = 0;
		};
/* End PBXSourcesBuildPhase section */

/* Begin PBXTargetDependency section */
		D546D2CB1B5CD5A400F025C1 /* PBXTargetDependency */ = {
			isa = PBXTargetDependency;
			target = D546D2AF1B5CD5A400F025C1 /* Rat */;
			targetProxy = D546D2CA1B5CD5A400F025C1 /* PBXContainerItemProxy */;
		};
/* End PBXTargetDependency section */

/* Begin XCBuildConfiguration section */
		D546D2D11B5CD5A400F025C1 /* Debug */ = {
			isa = XCBuildConfiguration;
			buildSettings = {
				ALWAYS_SEARCH_USER_PATHS = NO;
				CLANG_CXX_LANGUAGE_STANDARD = "gnu++0x";
				CLANG_CXX_LIBRARY = "libc++";
				CLANG_ENABLE_MODULES = YES;
				CLANG_ENABLE_OBJC_ARC = YES;
				CLANG_WARN_BOOL_CONVERSION = YES;
				CLANG_WARN_CONSTANT_CONVERSION = YES;
				CLANG_WARN_DIRECT_OBJC_ISA_USAGE = YES_ERROR;
				CLANG_WARN_EMPTY_BODY = YES;
				CLANG_WARN_ENUM_CONVERSION = YES;
				CLANG_WARN_INT_CONVERSION = YES;
				CLANG_WARN_OBJC_ROOT_CLASS = YES_ERROR;
				CLANG_WARN_UNREACHABLE_CODE = YES;
				CLANG_WARN__DUPLICATE_METHOD_MATCH = YES;
				"CODE_SIGN_IDENTITY[sdk=iphoneos*]" = "iPhone Developer";
				COPY_PHASE_STRIP = NO;
				ENABLE_STRICT_OBJC_MSGSEND = YES;
				GCC_C_LANGUAGE_STANDARD = gnu99;
				GCC_DYNAMIC_NO_PIC = NO;
				GCC_OPTIMIZATION_LEVEL = 0;
				GCC_PREFIX_HEADER = "Rat/Rat-Prefix.pch";
				GCC_PREPROCESSOR_DEFINITIONS = (
					"DEBUG=1",
					"$(inherited)",
				);
				GCC_SYMBOLS_PRIVATE_EXTERN = NO;
				GCC_WARN_64_TO_32_BIT_CONVERSION = YES;
				GCC_WARN_ABOUT_RETURN_TYPE = YES_ERROR;
				GCC_WARN_UNDECLARED_SELECTOR = YES;
				GCC_WARN_UNINITIALIZED_AUTOS = YES_AGGRESSIVE;
				GCC_WARN_UNUSED_FUNCTION = YES;
				GCC_WARN_UNUSED_VARIABLE = YES;
				IPHONEOS_DEPLOYMENT_TARGET = 8.2;
				MTL_ENABLE_DEBUG_INFO = YES;
				ONLY_ACTIVE_ARCH = YES;
				SDKROOT = iphoneos;
				TARGETED_DEVICE_FAMILY = "1,2";
				USER_HEADER_SEARCH_PATHS = "\"$(SRCROOT)/Pods/Headers/\"";
			};
			name = Debug;
		};
		D546D2D21B5CD5A400F025C1 /* Release */ = {
			isa = XCBuildConfiguration;
			buildSettings = {
				ALWAYS_SEARCH_USER_PATHS = NO;
				CLANG_CXX_LANGUAGE_STANDARD = "gnu++0x";
				CLANG_CXX_LIBRARY = "libc++";
				CLANG_ENABLE_MODULES = YES;
				CLANG_ENABLE_OBJC_ARC = YES;
				CLANG_WARN_BOOL_CONVERSION = YES;
				CLANG_WARN_CONSTANT_CONVERSION = YES;
				CLANG_WARN_DIRECT_OBJC_ISA_USAGE = YES_ERROR;
				CLANG_WARN_EMPTY_BODY = YES;
				CLANG_WARN_ENUM_CONVERSION = YES;
				CLANG_WARN_INT_CONVERSION = YES;
				CLANG_WARN_OBJC_ROOT_CLASS = YES_ERROR;
				CLANG_WARN_UNREACHABLE_CODE = YES;
				CLANG_WARN__DUPLICATE_METHOD_MATCH = YES;
				"CODE_SIGN_IDENTITY[sdk=iphoneos*]" = "iPhone Developer";
				COPY_PHASE_STRIP = NO;
				ENABLE_NS_ASSERTIONS = NO;
				ENABLE_STRICT_OBJC_MSGSEND = YES;
				GCC_C_LANGUAGE_STANDARD = gnu99;
				GCC_PREFIX_HEADER = "Rat/Rat-Prefix.pch";
				GCC_WARN_64_TO_32_BIT_CONVERSION = YES;
				GCC_WARN_ABOUT_RETURN_TYPE = YES_ERROR;
				GCC_WARN_UNDECLARED_SELECTOR = YES;
				GCC_WARN_UNINITIALIZED_AUTOS = YES_AGGRESSIVE;
				GCC_WARN_UNUSED_FUNCTION = YES;
				GCC_WARN_UNUSED_VARIABLE = YES;
				IPHONEOS_DEPLOYMENT_TARGET = 8.2;
				MTL_ENABLE_DEBUG_INFO = NO;
				SDKROOT = iphoneos;
				TARGETED_DEVICE_FAMILY = "1,2";
				USER_HEADER_SEARCH_PATHS = "\"$(SRCROOT)/Pods/Headers/\"";
				VALIDATE_PRODUCT = YES;
			};
			name = Release;
		};
		D546D2D41B5CD5A400F025C1 /* Debug */ = {
			isa = XCBuildConfiguration;
			baseConfigurationReference = 6138EA8D6D6B562E60D07746 /* Pods-Rat.debug.xcconfig */;
			buildSettings = {
				ASSETCATALOG_COMPILER_APPICON_NAME = AppIcon;
				ASSETCATALOG_COMPILER_LAUNCHIMAGE_NAME = LaunchImage;
				INFOPLIST_FILE = Rat/Info.plist;
				IPHONEOS_DEPLOYMENT_TARGET = 7.0;
				LD_RUNPATH_SEARCH_PATHS = "$(inherited) @executable_path/Frameworks";
				PRODUCT_NAME = "$(TARGET_NAME)";
			};
			name = Debug;
		};
		D546D2D51B5CD5A400F025C1 /* Release */ = {
			isa = XCBuildConfiguration;
			baseConfigurationReference = 42B05B4CC8102C03ACDDDA76 /* Pods-Rat.release.xcconfig */;
			buildSettings = {
				ASSETCATALOG_COMPILER_APPICON_NAME = AppIcon;
				ASSETCATALOG_COMPILER_LAUNCHIMAGE_NAME = LaunchImage;
				INFOPLIST_FILE = Rat/Info.plist;
				IPHONEOS_DEPLOYMENT_TARGET = 7.0;
				LD_RUNPATH_SEARCH_PATHS = "$(inherited) @executable_path/Frameworks";
				PRODUCT_NAME = "$(TARGET_NAME)";
			};
			name = Release;
		};
		D546D2D71B5CD5A400F025C1 /* Debug */ = {
			isa = XCBuildConfiguration;
			baseConfigurationReference = 6138EA8D6D6B562E60D07746 /* Pods-Rat.debug.xcconfig */;
			buildSettings = {
				BUNDLE_LOADER = "$(TEST_HOST)";
				FRAMEWORK_SEARCH_PATHS = (
					"$(SDKROOT)/Developer/Library/Frameworks",
					"$(inherited)",
					"$(DEVELOPER_FRAMEWORKS_DIR)",
				);
				GCC_PREPROCESSOR_DEFINITIONS = (
					"DEBUG=1",
					"$(inherited)",
				);
				INFOPLIST_FILE = RatTests/Info.plist;
				LD_RUNPATH_SEARCH_PATHS = "$(inherited) @executable_path/Frameworks @loader_path/Frameworks";
				PRODUCT_NAME = "$(TARGET_NAME)";
				TEST_HOST = "$(BUILT_PRODUCTS_DIR)/Rat.app/Rat";
			};
			name = Debug;
		};
		D546D2D81B5CD5A400F025C1 /* Release */ = {
			isa = XCBuildConfiguration;
			baseConfigurationReference = 42B05B4CC8102C03ACDDDA76 /* Pods-Rat.release.xcconfig */;
			buildSettings = {
				BUNDLE_LOADER = "$(TEST_HOST)";
				FRAMEWORK_SEARCH_PATHS = (
					"$(SDKROOT)/Developer/Library/Frameworks",
					"$(inherited)",
					"$(DEVELOPER_FRAMEWORKS_DIR)",
				);
				INFOPLIST_FILE = RatTests/Info.plist;
				LD_RUNPATH_SEARCH_PATHS = "$(inherited) @executable_path/Frameworks @loader_path/Frameworks";
				PRODUCT_NAME = "$(TARGET_NAME)";
				TEST_HOST = "$(BUILT_PRODUCTS_DIR)/Rat.app/Rat";
			};
			name = Release;
		};
/* End XCBuildConfiguration section */

/* Begin XCConfigurationList section */
		D546D2AB1B5CD5A400F025C1 /* Build configuration list for PBXProject "Rat" */ = {
			isa = XCConfigurationList;
			buildConfigurations = (
				D546D2D11B5CD5A400F025C1 /* Debug */,
				D546D2D21B5CD5A400F025C1 /* Release */,
			);
			defaultConfigurationIsVisible = 0;
			defaultConfigurationName = Release;
		};
		D546D2D31B5CD5A400F025C1 /* Build configuration list for PBXNativeTarget "Rat" */ = {
			isa = XCConfigurationList;
			buildConfigurations = (
				D546D2D41B5CD5A400F025C1 /* Debug */,
				D546D2D51B5CD5A400F025C1 /* Release */,
			);
			defaultConfigurationIsVisible = 0;
			defaultConfigurationName = Release;
		};
		D546D2D61B5CD5A400F025C1 /* Build configuration list for PBXNativeTarget "RatTests" */ = {
			isa = XCConfigurationList;
			buildConfigurations = (
				D546D2D71B5CD5A400F025C1 /* Debug */,
				D546D2D81B5CD5A400F025C1 /* Release */,
			);
			defaultConfigurationIsVisible = 0;
			defaultConfigurationName = Release;
		};
/* End XCConfigurationList section */
	};
	rootObject = D546D2A81B5CD5A400F025C1 /* Project object */;
}
